// !$*UTF8*$!
{
	archiveVersion = 1;
	classes = {
	};
	objectVersion = 50;
	objects = {

/* Begin PBXBuildFile section */
		8A3C4DAECE4C2835C0CAA8C8 /* libPods-ZARTMPlayer.a in Frameworks */ = {isa = PBXBuildFile; fileRef = C6F943D2E6002B835FA7E030 /* libPods-ZARTMPlayer.a */; };
		A6BB5B0D236D750F00EF323D /* AppDelegate.m in Sources */ = {isa = PBXBuildFile; fileRef = A6BB5B0C236D750F00EF323D /* AppDelegate.m */; };
		A6BB5B10236D750F00EF323D /* ViewController.m in Sources */ = {isa = PBXBuildFile; fileRef = A6BB5B0F236D750F00EF323D /* ViewController.m */; };
		A6BB5B13236D750F00EF323D /* Main.storyboard in Resources */ = {isa = PBXBuildFile; fileRef = A6BB5B11236D750F00EF323D /* Main.storyboard */; };
		A6BB5B15236D751100EF323D /* Assets.xcassets in Resources */ = {isa = PBXBuildFile; fileRef = A6BB5B14236D751100EF323D /* Assets.xcassets */; };
		A6BB5B18236D751100EF323D /* LaunchScreen.storyboard in Resources */ = {isa = PBXBuildFile; fileRef = A6BB5B16236D751100EF323D /* LaunchScreen.storyboard */; };
		A6BB5B1B236D751100EF323D /* main.m in Sources */ = {isa = PBXBuildFile; fileRef = A6BB5B1A236D751100EF323D /* main.m */; };
		A6BB5B25236D751200EF323D /* ZARTMPlayerTests.m in Sources */ = {isa = PBXBuildFile; fileRef = A6BB5B24236D751200EF323D /* ZARTMPlayerTests.m */; };
		A6BB5B30236D751200EF323D /* ZARTMPlayerUITests.m in Sources */ = {isa = PBXBuildFile; fileRef = A6BB5B2F236D751200EF323D /* ZARTMPlayerUITests.m */; };
/* End PBXBuildFile section */

/* Begin PBXContainerItemProxy section */
		A6BB5B21236D751200EF323D /* PBXContainerItemProxy */ = {
			isa = PBXContainerItemProxy;
			containerPortal = A6BB5B00236D750F00EF323D /* Project object */;
			proxyType = 1;
			remoteGlobalIDString = A6BB5B07236D750F00EF323D;
			remoteInfo = ZARTMPlayer;
		};
		A6BB5B2C236D751200EF323D /* PBXContainerItemProxy */ = {
			isa = PBXContainerItemProxy;
			containerPortal = A6BB5B00236D750F00EF323D /* Project object */;
			proxyType = 1;
			remoteGlobalIDString = A6BB5B07236D750F00EF323D;
			remoteInfo = ZARTMPlayer;
		};
/* End PBXContainerItemProxy section */

/* Begin PBXFileReference section */
		02EA9E43530A9186C707955A /* Pods-ZARTMPlayer.debug.xcconfig */ = {isa = PBXFileReference; includeInIndex = 1; lastKnownFileType = text.xcconfig; name = "Pods-ZARTMPlayer.debug.xcconfig"; path = "Target Support Files/Pods-ZARTMPlayer/Pods-ZARTMPlayer.debug.xcconfig"; sourceTree = "<group>"; };
		A6BB5B08236D750F00EF323D /* ZARTMPlayer.app */ = {isa = PBXFileReference; explicitFileType = wrapper.application; includeInIndex = 0; path = ZARTMPlayer.app; sourceTree = BUILT_PRODUCTS_DIR; };
		A6BB5B0B236D750F00EF323D /* AppDelegate.h */ = {isa = PBXFileReference; lastKnownFileType = sourcecode.c.h; path = AppDelegate.h; sourceTree = "<group>"; };
		A6BB5B0C236D750F00EF323D /* AppDelegate.m */ = {isa = PBXFileReference; lastKnownFileType = sourcecode.c.objc; path = AppDelegate.m; sourceTree = "<group>"; };
		A6BB5B0E236D750F00EF323D /* ViewController.h */ = {isa = PBXFileReference; lastKnownFileType = sourcecode.c.h; path = ViewController.h; sourceTree = "<group>"; };
		A6BB5B0F236D750F00EF323D /* ViewController.m */ = {isa = PBXFileReference; lastKnownFileType = sourcecode.c.objc; path = ViewController.m; sourceTree = "<group>"; };
		A6BB5B12236D750F00EF323D /* Base */ = {isa = PBXFileReference; lastKnownFileType = file.storyboard; name = Base; path = Base.lproj/Main.storyboard; sourceTree = "<group>"; };
		A6BB5B14236D751100EF323D /* Assets.xcassets */ = {isa = PBXFileReference; lastKnownFileType = folder.assetcatalog; path = Assets.xcassets; sourceTree = "<group>"; };
		A6BB5B17236D751100EF323D /* Base */ = {isa = PBXFileReference; lastKnownFileType = file.storyboard; name = Base; path = Base.lproj/LaunchScreen.storyboard; sourceTree = "<group>"; };
		A6BB5B19236D751100EF323D /* Info.plist */ = {isa = PBXFileReference; lastKnownFileType = text.plist.xml; path = Info.plist; sourceTree = "<group>"; };
		A6BB5B1A236D751100EF323D /* main.m */ = {isa = PBXFileReference; lastKnownFileType = sourcecode.c.objc; path = main.m; sourceTree = "<group>"; };
		A6BB5B20236D751200EF323D /* ZARTMPlayerTests.xctest */ = {isa = PBXFileReference; explicitFileType = wrapper.cfbundle; includeInIndex = 0; path = ZARTMPlayerTests.xctest; sourceTree = BUILT_PRODUCTS_DIR; };
		A6BB5B24236D751200EF323D /* ZARTMPlayerTests.m */ = {isa = PBXFileReference; lastKnownFileType = sourcecode.c.objc; path = ZARTMPlayerTests.m; sourceTree = "<group>"; };
		A6BB5B26236D751200EF323D /* Info.plist */ = {isa = PBXFileReference; lastKnownFileType = text.plist.xml; path = Info.plist; sourceTree = "<group>"; };
		A6BB5B2B236D751200EF323D /* ZARTMPlayerUITests.xctest */ = {isa = PBXFileReference; explicitFileType = wrapper.cfbundle; includeInIndex = 0; path = ZARTMPlayerUITests.xctest; sourceTree = BUILT_PRODUCTS_DIR; };
		A6BB5B2F236D751200EF323D /* ZARTMPlayerUITests.m */ = {isa = PBXFileReference; lastKnownFileType = sourcecode.c.objc; path = ZARTMPlayerUITests.m; sourceTree = "<group>"; };
		A6BB5B31236D751200EF323D /* Info.plist */ = {isa = PBXFileReference; lastKnownFileType = text.plist.xml; path = Info.plist; sourceTree = "<group>"; };
		C6F943D2E6002B835FA7E030 /* libPods-ZARTMPlayer.a */ = {isa = PBXFileReference; explicitFileType = archive.ar; includeInIndex = 0; path = "libPods-ZARTMPlayer.a"; sourceTree = BUILT_PRODUCTS_DIR; };
		F81DAEFFADF27CAF13B862E6 /* Pods-ZARTMPlayer.release.xcconfig */ = {isa = PBXFileReference; includeInIndex = 1; lastKnownFileType = text.xcconfig; name = "Pods-ZARTMPlayer.release.xcconfig"; path = "Target Support Files/Pods-ZARTMPlayer/Pods-ZARTMPlayer.release.xcconfig"; sourceTree = "<group>"; };
/* End PBXFileReference section */

/* Begin PBXFrameworksBuildPhase section */
		A6BB5B05236D750F00EF323D /* Frameworks */ = {
			isa = PBXFrameworksBuildPhase;
			buildActionMask = 2147483647;
			files = (
				8A3C4DAECE4C2835C0CAA8C8 /* libPods-ZARTMPlayer.a in Frameworks */,
			);
			runOnlyForDeploymentPostprocessing = 0;
		};
		A6BB5B1D236D751200EF323D /* Frameworks */ = {
			isa = PBXFrameworksBuildPhase;
			buildActionMask = 2147483647;
			files = (
			);
			runOnlyForDeploymentPostprocessing = 0;
		};
		A6BB5B28236D751200EF323D /* Frameworks */ = {
			isa = PBXFrameworksBuildPhase;
			buildActionMask = 2147483647;
			files = (
			);
			runOnlyForDeploymentPostprocessing = 0;
		};
/* End PBXFrameworksBuildPhase section */

/* Begin PBXGroup section */
		3C986503E8FAC4D0A1CF562C /* Pods */ = {
			isa = PBXGroup;
			children = (
				02EA9E43530A9186C707955A /* Pods-ZARTMPlayer.debug.xcconfig */,
				F81DAEFFADF27CAF13B862E6 /* Pods-ZARTMPlayer.release.xcconfig */,
			);
			path = Pods;
			sourceTree = "<group>";
		};
		A6BB5AFF236D750F00EF323D = {
			isa = PBXGroup;
			children = (
				A6BB5B0A236D750F00EF323D /* ZARTMPlayer */,
				A6BB5B23236D751200EF323D /* ZARTMPlayerTests */,
				A6BB5B2E236D751200EF323D /* ZARTMPlayerUITests */,
				A6BB5B09236D750F00EF323D /* Products */,
				3C986503E8FAC4D0A1CF562C /* Pods */,
				CD0D462FBF61D36B5A41CE4E /* Frameworks */,
			);
			sourceTree = "<group>";
		};
		A6BB5B09236D750F00EF323D /* Products */ = {
			isa = PBXGroup;
			children = (
				A6BB5B08236D750F00EF323D /* ZARTMPlayer.app */,
				A6BB5B20236D751200EF323D /* ZARTMPlayerTests.xctest */,
				A6BB5B2B236D751200EF323D /* ZARTMPlayerUITests.xctest */,
			);
			name = Products;
			sourceTree = "<group>";
		};
		A6BB5B0A236D750F00EF323D /* ZARTMPlayer */ = {
			isa = PBXGroup;
			children = (
				A6BB5B0B236D750F00EF323D /* AppDelegate.h */,
				A6BB5B0C236D750F00EF323D /* AppDelegate.m */,
				A6BB5B0E236D750F00EF323D /* ViewController.h */,
				A6BB5B0F236D750F00EF323D /* ViewController.m */,
				A6BB5B11236D750F00EF323D /* Main.storyboard */,
				A6BB5B14236D751100EF323D /* Assets.xcassets */,
				A6BB5B16236D751100EF323D /* LaunchScreen.storyboard */,
				A6BB5B19236D751100EF323D /* Info.plist */,
				A6BB5B1A236D751100EF323D /* main.m */,
			);
			path = ZARTMPlayer;
			sourceTree = "<group>";
		};
		A6BB5B23236D751200EF323D /* ZARTMPlayerTests */ = {
			isa = PBXGroup;
			children = (
				A6BB5B24236D751200EF323D /* ZARTMPlayerTests.m */,
				A6BB5B26236D751200EF323D /* Info.plist */,
			);
			path = ZARTMPlayerTests;
			sourceTree = "<group>";
		};
		A6BB5B2E236D751200EF323D /* ZARTMPlayerUITests */ = {
			isa = PBXGroup;
			children = (
				A6BB5B2F236D751200EF323D /* ZARTMPlayerUITests.m */,
				A6BB5B31236D751200EF323D /* Info.plist */,
			);
			path = ZARTMPlayerUITests;
			sourceTree = "<group>";
		};
		CD0D462FBF61D36B5A41CE4E /* Frameworks */ = {
			isa = PBXGroup;
			children = (
				C6F943D2E6002B835FA7E030 /* libPods-ZARTMPlayer.a */,
			);
			name = Frameworks;
			sourceTree = "<group>";
		};
/* End PBXGroup section */

/* Begin PBXNativeTarget section */
		A6BB5B07236D750F00EF323D /* ZARTMPlayer */ = {
			isa = PBXNativeTarget;
			buildConfigurationList = A6BB5B34236D751200EF323D /* Build configuration list for PBXNativeTarget "ZARTMPlayer" */;
			buildPhases = (
				1A70D5422C50768D350E7D15 /* [CP] Check Pods Manifest.lock */,
				A6BB5B04236D750F00EF323D /* Sources */,
				A6BB5B05236D750F00EF323D /* Frameworks */,
				A6BB5B06236D750F00EF323D /* Resources */,
				AF2B8508A164C07A27A61E50 /* [CP] Embed Pods Frameworks */,
			);
			buildRules = (
			);
			dependencies = (
			);
			name = ZARTMPlayer;
			productName = ZARTMPlayer;
			productReference = A6BB5B08236D750F00EF323D /* ZARTMPlayer.app */;
			productType = "com.apple.product-type.application";
		};
		A6BB5B1F236D751200EF323D /* ZARTMPlayerTests */ = {
			isa = PBXNativeTarget;
			buildConfigurationList = A6BB5B37236D751200EF323D /* Build configuration list for PBXNativeTarget "ZARTMPlayerTests" */;
			buildPhases = (
				A6BB5B1C236D751200EF323D /* Sources */,
				A6BB5B1D236D751200EF323D /* Frameworks */,
				A6BB5B1E236D751200EF323D /* Resources */,
			);
			buildRules = (
			);
			dependencies = (
				A6BB5B22236D751200EF323D /* PBXTargetDependency */,
			);
			name = ZARTMPlayerTests;
			productName = ZARTMPlayerTests;
			productReference = A6BB5B20236D751200EF323D /* ZARTMPlayerTests.xctest */;
			productType = "com.apple.product-type.bundle.unit-test";
		};
		A6BB5B2A236D751200EF323D /* ZARTMPlayerUITests */ = {
			isa = PBXNativeTarget;
			buildConfigurationList = A6BB5B3A236D751200EF323D /* Build configuration list for PBXNativeTarget "ZARTMPlayerUITests" */;
			buildPhases = (
				A6BB5B27236D751200EF323D /* Sources */,
				A6BB5B28236D751200EF323D /* Frameworks */,
				A6BB5B29236D751200EF323D /* Resources */,
			);
			buildRules = (
			);
			dependencies = (
				A6BB5B2D236D751200EF323D /* PBXTargetDependency */,
			);
			name = ZARTMPlayerUITests;
			productName = ZARTMPlayerUITests;
			productReference = A6BB5B2B236D751200EF323D /* ZARTMPlayerUITests.xctest */;
			productType = "com.apple.product-type.bundle.ui-testing";
		};
/* End PBXNativeTarget section */

/* Begin PBXProject section */
		A6BB5B00236D750F00EF323D /* Project object */ = {
			isa = PBXProject;
			attributes = {
				LastUpgradeCheck = 0940;
				ORGANIZATIONNAME = "张奥";
				TargetAttributes = {
					A6BB5B07236D750F00EF323D = {
						CreatedOnToolsVersion = 9.4.1;
					};
					A6BB5B1F236D751200EF323D = {
						CreatedOnToolsVersion = 9.4.1;
						TestTargetID = A6BB5B07236D750F00EF323D;
					};
					A6BB5B2A236D751200EF323D = {
						CreatedOnToolsVersion = 9.4.1;
						TestTargetID = A6BB5B07236D750F00EF323D;
					};
				};
			};
			buildConfigurationList = A6BB5B03236D750F00EF323D /* Build configuration list for PBXProject "ZARTMPlayer" */;
			compatibilityVersion = "Xcode 9.3";
			developmentRegion = en;
			hasScannedForEncodings = 0;
			knownRegions = (
				en,
				Base,
			);
			mainGroup = A6BB5AFF236D750F00EF323D;
			productRefGroup = A6BB5B09236D750F00EF323D /* Products */;
			projectDirPath = "";
			projectRoot = "";
			targets = (
				A6BB5B07236D750F00EF323D /* ZARTMPlayer */,
				A6BB5B1F236D751200EF323D /* ZARTMPlayerTests */,
				A6BB5B2A236D751200EF323D /* ZARTMPlayerUITests */,
			);
		};
/* End PBXProject section */

/* Begin PBXResourcesBuildPhase section */
		A6BB5B06236D750F00EF323D /* Resources */ = {
			isa = PBXResourcesBuildPhase;
			buildActionMask = 2147483647;
			files = (
				A6BB5B18236D751100EF323D /* LaunchScreen.storyboard in Resources */,
				A6BB5B15236D751100EF323D /* Assets.xcassets in Resources */,
				A6BB5B13236D750F00EF323D /* Main.storyboard in Resources */,
			);
			runOnlyForDeploymentPostprocessing = 0;
		};
		A6BB5B1E236D751200EF323D /* Resources */ = {
			isa = PBXResourcesBuildPhase;
			buildActionMask = 2147483647;
			files = (
			);
			runOnlyForDeploymentPostprocessing = 0;
		};
		A6BB5B29236D751200EF323D /* Resources */ = {
			isa = PBXResourcesBuildPhase;
			buildActionMask = 2147483647;
			files = (
			);
			runOnlyForDeploymentPostprocessing = 0;
		};
/* End PBXResourcesBuildPhase section */

/* Begin PBXShellScriptBuildPhase section */
		1A70D5422C50768D350E7D15 /* [CP] Check Pods Manifest.lock */ = {
			isa = PBXShellScriptBuildPhase;
			buildActionMask = 2147483647;
			files = (
			);
			inputPaths = (
				"${PODS_PODFILE_DIR_PATH}/Podfile.lock",
				"${PODS_ROOT}/Manifest.lock",
			);
			name = "[CP] Check Pods Manifest.lock";
			outputPaths = (
				"$(DERIVED_FILE_DIR)/Pods-ZARTMPlayer-checkManifestLockResult.txt",
			);
			runOnlyForDeploymentPostprocessing = 0;
			shellPath = /bin/sh;
			shellScript = "diff \"${PODS_PODFILE_DIR_PATH}/Podfile.lock\" \"${PODS_ROOT}/Manifest.lock\" > /dev/null\nif [ $? != 0 ] ; then\n    # print error to STDERR\n    echo \"error: The sandbox is not in sync with the Podfile.lock. Run 'pod install' or update your CocoaPods installation.\" >&2\n    exit 1\nfi\n# This output is used by Xcode 'outputs' to avoid re-running this script phase.\necho \"SUCCESS\" > \"${SCRIPT_OUTPUT_FILE_0}\"\n";
			showEnvVarsInLog = 0;
		};
		AF2B8508A164C07A27A61E50 /* [CP] Embed Pods Frameworks */ = {
			isa = PBXShellScriptBuildPhase;
			buildActionMask = 2147483647;
			files = (
			);
			name = "[CP] Embed Pods Frameworks";
			runOnlyForDeploymentPostprocessing = 0;
			shellPath = /bin/sh;
			shellScript = "\"${PODS_ROOT}/Target Support Files/Pods-ZARTMPlayer/Pods-ZARTMPlayer-frameworks.sh\"\n";
			showEnvVarsInLog = 0;
		};
/* End PBXShellScriptBuildPhase section */

/* Begin PBXSourcesBuildPhase section */
		A6BB5B04236D750F00EF323D /* Sources */ = {
			isa = PBXSourcesBuildPhase;
			buildActionMask = 2147483647;
			files = (
				A6BB5B10236D750F00EF323D /* ViewController.m in Sources */,
				A6BB5B1B236D751100EF323D /* main.m in Sources */,
				A6BB5B0D236D750F00EF323D /* AppDelegate.m in Sources */,
			);
			runOnlyForDeploymentPostprocessing = 0;
		};
		A6BB5B1C236D751200EF323D /* Sources */ = {
			isa = PBXSourcesBuildPhase;
			buildActionMask = 2147483647;
			files = (
				A6BB5B25236D751200EF323D /* ZARTMPlayerTests.m in Sources */,
			);
			runOnlyForDeploymentPostprocessing = 0;
		};
		A6BB5B27236D751200EF323D /* Sources */ = {
			isa = PBXSourcesBuildPhase;
			buildActionMask = 2147483647;
			files = (
				A6BB5B30236D751200EF323D /* ZARTMPlayerUITests.m in Sources */,
			);
			runOnlyForDeploymentPostprocessing = 0;
		};
/* End PBXSourcesBuildPhase section */

/* Begin PBXTargetDependency section */
		A6BB5B22236D751200EF323D /* PBXTargetDependency */ = {
			isa = PBXTargetDependency;
			target = A6BB5B07236D750F00EF323D /* ZARTMPlayer */;
			targetProxy = A6BB5B21236D751200EF323D /* PBXContainerItemProxy */;
		};
		A6BB5B2D236D751200EF323D /* PBXTargetDependency */ = {
			isa = PBXTargetDependency;
			target = A6BB5B07236D750F00EF323D /* ZARTMPlayer */;
			targetProxy = A6BB5B2C236D751200EF323D /* PBXContainerItemProxy */;
		};
/* End PBXTargetDependency section */

/* Begin PBXVariantGroup section */
		A6BB5B11236D750F00EF323D /* Main.storyboard */ = {
			isa = PBXVariantGroup;
			children = (
				A6BB5B12236D750F00EF323D /* Base */,
			);
			name = Main.storyboard;
			sourceTree = "<group>";
		};
		A6BB5B16236D751100EF323D /* LaunchScreen.storyboard */ = {
			isa = PBXVariantGroup;
			children = (
				A6BB5B17236D751100EF323D /* Base */,
			);
			name = LaunchScreen.storyboard;
			sourceTree = "<group>";
		};
/* End PBXVariantGroup section */

/* Begin XCBuildConfiguration section */
		A6BB5B32236D751200EF323D /* Debug */ = {
			isa = XCBuildConfiguration;
			buildSettings = {
				ALWAYS_SEARCH_USER_PATHS = NO;
				CLANG_ANALYZER_NONNULL = YES;
				CLANG_ANALYZER_NUMBER_OBJECT_CONVERSION = YES_AGGRESSIVE;
				CLANG_CXX_LANGUAGE_STANDARD = "gnu++14";
				CLANG_CXX_LIBRARY = "libc++";
				CLANG_ENABLE_MODULES = YES;
				CLANG_ENABLE_OBJC_ARC = YES;
				CLANG_ENABLE_OBJC_WEAK = YES;
				CLANG_WARN_BLOCK_CAPTURE_AUTORELEASING = YES;
				CLANG_WARN_BOOL_CONVERSION = YES;
				CLANG_WARN_COMMA = YES;
				CLANG_WARN_CONSTANT_CONVERSION = YES;
				CLANG_WARN_DEPRECATED_OBJC_IMPLEMENTATIONS = YES;
				CLANG_WARN_DIRECT_OBJC_ISA_USAGE = YES_ERROR;
				CLANG_WARN_DOCUMENTATION_COMMENTS = YES;
				CLANG_WARN_EMPTY_BODY = YES;
				CLANG_WARN_ENUM_CONVERSION = YES;
				CLANG_WARN_INFINITE_RECURSION = YES;
				CLANG_WARN_INT_CONVERSION = YES;
				CLANG_WARN_NON_LITERAL_NULL_CONVERSION = YES;
				CLANG_WARN_OBJC_IMPLICIT_RETAIN_SELF = YES;
				CLANG_WARN_OBJC_LITERAL_CONVERSION = YES;
				CLANG_WARN_OBJC_ROOT_CLASS = YES_ERROR;
				CLANG_WARN_RANGE_LOOP_ANALYSIS = YES;
				CLANG_WARN_STRICT_PROTOTYPES = YES;
				CLANG_WARN_SUSPICIOUS_MOVE = YES;
				CLANG_WARN_UNGUARDED_AVAILABILITY = YES_AGGRESSIVE;
				CLANG_WARN_UNREACHABLE_CODE = YES;
				CLANG_WARN__DUPLICATE_METHOD_MATCH = YES;
				CODE_SIGN_IDENTITY = "iPhone Developer";
				COPY_PHASE_STRIP = NO;
				DEBUG_INFORMATION_FORMAT = dwarf;
				ENABLE_STRICT_OBJC_MSGSEND = YES;
				ENABLE_TESTABILITY = YES;
				GCC_C_LANGUAGE_STANDARD = gnu11;
				GCC_DYNAMIC_NO_PIC = NO;
				GCC_NO_COMMON_BLOCKS = YES;
				GCC_OPTIMIZATION_LEVEL = 0;
				GCC_PREPROCESSOR_DEFINITIONS = (
					"DEBUG=1",
					"$(inherited)",
				);
				GCC_WARN_64_TO_32_BIT_CONVERSION = YES;
				GCC_WARN_ABOUT_RETURN_TYPE = YES_ERROR;
				GCC_WARN_UNDECLARED_SELECTOR = YES;
				GCC_WARN_UNINITIALIZED_AUTOS = YES_AGGRESSIVE;
				GCC_WARN_UNUSED_FUNCTION = YES;
				GCC_WARN_UNUSED_VARIABLE = YES;
				IPHONEOS_DEPLOYMENT_TARGET = 11.4;
				MTL_ENABLE_DEBUG_INFO = YES;
				ONLY_ACTIVE_ARCH = YES;
				SDKROOT = iphoneos;
			};
			name = Debug;
		};
		A6BB5B33236D751200EF323D /* Release */ = {
			isa = XCBuildConfiguration;
			buildSettings = {
				ALWAYS_SEARCH_USER_PATHS = NO;
				CLANG_ANALYZER_NONNULL = YES;
				CLANG_ANALYZER_NUMBER_OBJECT_CONVERSION = YES_AGGRESSIVE;
				CLANG_CXX_LANGUAGE_STANDARD = "gnu++14";
				CLANG_CXX_LIBRARY = "libc++";
				CLANG_ENABLE_MODULES = YES;
				CLANG_ENABLE_OBJC_ARC = YES;
				CLANG_ENABLE_OBJC_WEAK = YES;
				CLANG_WARN_BLOCK_CAPTURE_AUTORELEASING = YES;
				CLANG_WARN_BOOL_CONVERSION = YES;
				CLANG_WARN_COMMA = YES;
				CLANG_WARN_CONSTANT_CONVERSION = YES;
				CLANG_WARN_DEPRECATED_OBJC_IMPLEMENTATIONS = YES;
				CLANG_WARN_DIRECT_OBJC_ISA_USAGE = YES_ERROR;
				CLANG_WARN_DOCUMENTATION_COMMENTS = YES;
				CLANG_WARN_EMPTY_BODY = YES;
				CLANG_WARN_ENUM_CONVERSION = YES;
				CLANG_WARN_INFINITE_RECURSION = YES;
				CLANG_WARN_INT_CONVERSION = YES;
				CLANG_WARN_NON_LITERAL_NULL_CONVERSION = YES;
				CLANG_WARN_OBJC_IMPLICIT_RETAIN_SELF = YES;
				CLANG_WARN_OBJC_LITERAL_CONVERSION = YES;
				CLANG_WARN_OBJC_ROOT_CLASS = YES_ERROR;
				CLANG_WARN_RANGE_LOOP_ANALYSIS = YES;
				CLANG_WARN_STRICT_PROTOTYPES = YES;
				CLANG_WARN_SUSPICIOUS_MOVE = YES;
				CLANG_WARN_UNGUARDED_AVAILABILITY = YES_AGGRESSIVE;
				CLANG_WARN_UNREACHABLE_CODE = YES;
				CLANG_WARN__DUPLICATE_METHOD_MATCH = YES;
				CODE_SIGN_IDENTITY = "iPhone Developer";
				COPY_PHASE_STRIP = NO;
				DEBUG_INFORMATION_FORMAT = "dwarf-with-dsym";
				ENABLE_NS_ASSERTIONS = NO;
				ENABLE_STRICT_OBJC_MSGSEND = YES;
				GCC_C_LANGUAGE_STANDARD = gnu11;
				GCC_NO_COMMON_BLOCKS = YES;
				GCC_WARN_64_TO_32_BIT_CONVERSION = YES;
				GCC_WARN_ABOUT_RETURN_TYPE = YES_ERROR;
				GCC_WARN_UNDECLARED_SELECTOR = YES;
				GCC_WARN_UNINITIALIZED_AUTOS = YES_AGGRESSIVE;
				GCC_WARN_UNUSED_FUNCTION = YES;
				GCC_WARN_UNUSED_VARIABLE = YES;
				IPHONEOS_DEPLOYMENT_TARGET = 11.4;
				MTL_ENABLE_DEBUG_INFO = NO;
				SDKROOT = iphoneos;
				VALIDATE_PRODUCT = YES;
			};
			name = Release;
		};
		A6BB5B35236D751200EF323D /* Debug */ = {
			isa = XCBuildConfiguration;
			baseConfigurationReference = 02EA9E43530A9186C707955A /* Pods-ZARTMPlayer.debug.xcconfig */;
			buildSettings = {
				ASSETCATALOG_COMPILER_APPICON_NAME = AppIcon;
				CODE_SIGN_STYLE = Automatic;
				DEVELOPMENT_TEAM = 7MB974M5AH;
				INFOPLIST_FILE = ZARTMPlayer/Info.plist;
				LD_RUNPATH_SEARCH_PATHS = (
					"$(inherited)",
					"@executable_path/Frameworks",
				);
				PRODUCT_BUNDLE_IDENTIFIER = com.aozhang.ZARTMPlayer;
				PRODUCT_NAME = "$(TARGET_NAME)";
				TARGETED_DEVICE_FAMILY = "1,2";
			};
			name = Debug;
		};
		A6BB5B36236D751200EF323D /* Release */ = {
			isa = XCBuildConfiguration;
			baseConfigurationReference = F81DAEFFADF27CAF13B862E6 /* Pods-ZARTMPlayer.release.xcconfig */;
			buildSettings = {
				ASSETCATALOG_COMPILER_APPICON_NAME = AppIcon;
				CODE_SIGN_STYLE = Automatic;
				DEVELOPMENT_TEAM = 7MB974M5AH;
				INFOPLIST_FILE = ZARTMPlayer/Info.plist;
				LD_RUNPATH_SEARCH_PATHS = (
					"$(inherited)",
					"@executable_path/Frameworks",
				);
				PRODUCT_BUNDLE_IDENTIFIER = com.aozhang.ZARTMPlayer;
				PRODUCT_NAME = "$(TARGET_NAME)";
				TARGETED_DEVICE_FAMILY = "1,2";
			};
			name = Release;
		};
		A6BB5B38236D751200EF323D /* Debug */ = {
			isa = XCBuildConfiguration;
			buildSettings = {
				BUNDLE_LOADER = "$(TEST_HOST)";
				CODE_SIGN_STYLE = Automatic;
				INFOPLIST_FILE = ZARTMPlayerTests/Info.plist;
				LD_RUNPATH_SEARCH_PATHS = (
					"$(inherited)",
					"@executable_path/Frameworks",
					"@loader_path/Frameworks",
				);
				PRODUCT_BUNDLE_IDENTIFIER = com.aozhang.ZARTMPlayerTests;
				PRODUCT_NAME = "$(TARGET_NAME)";
				TARGETED_DEVICE_FAMILY = "1,2";
				TEST_HOST = "$(BUILT_PRODUCTS_DIR)/ZARTMPlayer.app/ZARTMPlayer";
			};
			name = Debug;
		};
		A6BB5B39236D751200EF323D /* Release */ = {
			isa = XCBuildConfiguration;
			buildSettings = {
				BUNDLE_LOADER = "$(TEST_HOST)";
				CODE_SIGN_STYLE = Automatic;
				INFOPLIST_FILE = ZARTMPlayerTests/Info.plist;
				LD_RUNPATH_SEARCH_PATHS = (
					"$(inherited)",
					"@executable_path/Frameworks",
					"@loader_path/Frameworks",
				);
				PRODUCT_BUNDLE_IDENTIFIER = com.aozhang.ZARTMPlayerTests;
				PRODUCT_NAME = "$(TARGET_NAME)";
				TARGETED_DEVICE_FAMILY = "1,2";
				TEST_HOST = "$(BUILT_PRODUCTS_DIR)/ZARTMPlayer.app/ZARTMPlayer";
			};
			name = Release;
		};
		A6BB5B3B236D751200EF323D /* Debug */ = {
			isa = XCBuildConfiguration;
			buildSettings = {
				CODE_SIGN_STYLE = Automatic;
				INFOPLIST_FILE = ZARTMPlayerUITests/Info.plist;
				LD_RUNPATH_SEARCH_PATHS = (
					"$(inherited)",
					"@executable_path/Frameworks",
					"@loader_path/Frameworks",
				);
				PRODUCT_BUNDLE_IDENTIFIER = com.aozhang.ZARTMPlayerUITests;
				PRODUCT_NAME = "$(TARGET_NAME)";
				TARGETED_DEVICE_FAMILY = "1,2";
				TEST_TARGET_NAME = ZARTMPlayer;
			};
			name = Debug;
		};
		A6BB5B3C236D751200EF323D /* Release */ = {
			isa = XCBuildConfiguration;
			buildSettings = {
				CODE_SIGN_STYLE = Automatic;
				INFOPLIST_FILE = ZARTMPlayerUITests/Info.plist;
				LD_RUNPATH_SEARCH_PATHS = (
					"$(inherited)",
					"@executable_path/Frameworks",
					"@loader_path/Frameworks",
				);
				PRODUCT_BUNDLE_IDENTIFIER = com.aozhang.ZARTMPlayerUITests;
				PRODUCT_NAME = "$(TARGET_NAME)";
				TARGETED_DEVICE_FAMILY = "1,2";
				TEST_TARGET_NAME = ZARTMPlayer;
			};
			name = Release;
		};
/* End XCBuildConfiguration section */

/* Begin XCConfigurationList section */
		A6BB5B03236D750F00EF323D /* Build configuration list for PBXProject "ZARTMPlayer" */ = {
			isa = XCConfigurationList;
			buildConfigurations = (
				A6BB5B32236D751200EF323D /* Debug */,
				A6BB5B33236D751200EF323D /* Release */,
			);
			defaultConfigurationIsVisible = 0;
			defaultConfigurationName = Release;
		};
		A6BB5B34236D751200EF323D /* Build configuration list for PBXNativeTarget "ZARTMPlayer" */ = {
			isa = XCConfigurationList;
			buildConfigurations = (
				A6BB5B35236D751200EF323D /* Debug */,
				A6BB5B36236D751200EF323D /* Release */,
			);
			defaultConfigurationIsVisible = 0;
			defaultConfigurationName = Release;
		};
		A6BB5B37236D751200EF323D /* Build configuration list for PBXNativeTarget "ZARTMPlayerTests" */ = {
			isa = XCConfigurationList;
			buildConfigurations = (
				A6BB5B38236D751200EF323D /* Debug */,
				A6BB5B39236D751200EF323D /* Release */,
			);
			defaultConfigurationIsVisible = 0;
			defaultConfigurationName = Release;
		};
		A6BB5B3A236D751200EF323D /* Build configuration list for PBXNativeTarget "ZARTMPlayerUITests" */ = {
			isa = XCConfigurationList;
			buildConfigurations = (
				A6BB5B3B236D751200EF323D /* Debug */,
				A6BB5B3C236D751200EF323D /* Release */,
			);
			defaultConfigurationIsVisible = 0;
			defaultConfigurationName = Release;
		};
/* End XCConfigurationList section */
	};
	rootObject = A6BB5B00236D750F00EF323D /* Project object */;
}
